
Microsoft Visual Studio Solution File, Format Version 12.00
Project("{FAE04EC0-301F-11D3-BF4B-00C04F79EFBC}") = "react-backend-test-task", "react-backend-test-task\react-backend-test-task.csproj", "{FF390813-4D38-42FC-9113-64C74D4C489E}"
EndProject
Project("{FAE04EC0-301F-11D3-BF4B-00C04F79EFBC}") = "react-backend-test-task-data", "react-backend-test-task-data\react-backend-test-task-data.csproj", "{9DBD8203-63BB-4E64-A352-136AE1E9FA39}"
EndProject
Global
	GlobalSection(SolutionConfigurationPlatforms) = preSolution
		Debug|Any CPU = Debug|Any CPU
		Release|Any CPU = Release|Any CPU
	EndGlobalSection
	GlobalSection(ProjectConfigurationPlatforms) = postSolution
		{FF390813-4D38-42FC-9113-64C74D4C489E}.Debug|Any CPU.ActiveCfg = Debug|Any CPU
		{FF390813-4D38-42FC-9113-64C74D4C489E}.Debug|Any CPU.Build.0 = Debug|Any CPU
		{FF390813-4D38-42FC-9113-64C74D4C489E}.Release|Any CPU.ActiveCfg = Release|Any CPU
		{FF390813-4D38-42FC-9113-64C74D4C489E}.Release|Any CPU.Build.0 = Release|Any CPU
		{9DBD8203-63BB-4E64-A352-136AE1E9FA39}.Debug|Any CPU.ActiveCfg = Debug|Any CPU
		{9DBD8203-63BB-4E64-A352-136AE1E9FA39}.Debug|Any CPU.Build.0 = Debug|Any CPU
		{9DBD8203-63BB-4E64-A352-136AE1E9FA39}.Release|Any CPU.ActiveCfg = Release|Any CPU
		{9DBD8203-63BB-4E64-A352-136AE1E9FA39}.Release|Any CPU.Build.0 = Release|Any CPU
	EndGlobalSection
EndGlobal
